
Microsoft Visual Studio Solution File, Format Version 12.00
# Visual Studio 15
VisualStudioVersion = 15.0.28010.2003
MinimumVisualStudioVersion = 10.0.40219.1
Project("{FAE04EC0-301F-11D3-BF4B-00C04F79EFBC}") = "Senai.Desafio.Solution", "Senai.Desafio.Solution\Senai.Desafio.Solution.csproj", "{1204715D-8595-402A-9B8E-AD64ED73B4C4}"
EndProject
Global
	GlobalSection(SolutionConfigurationPlatforms) = preSolution
		Debug|Any CPU = Debug|Any CPU
		Release|Any CPU = Release|Any CPU
	EndGlobalSection
	GlobalSection(ProjectConfigurationPlatforms) = postSolution
		{1204715D-8595-402A-9B8E-AD64ED73B4C4}.Debug|Any CPU.ActiveCfg = Debug|Any CPU
		{1204715D-8595-402A-9B8E-AD64ED73B4C4}.Debug|Any CPU.Build.0 = Debug|Any CPU
		{1204715D-8595-402A-9B8E-AD64ED73B4C4}.Release|Any CPU.ActiveCfg = Release|Any CPU
		{1204715D-8595-402A-9B8E-AD64ED73B4C4}.Release|Any CPU.Build.0 = Release|Any CPU
	EndGlobalSection
	GlobalSection(SolutionProperties) = preSolution
		HideSolutionNode = FALSE
	EndGlobalSection
	GlobalSection(ExtensibilityGlobals) = postSolution
		SolutionGuid = {8B9F4BEF-1206-4076-9B9C-C5BB11896E10}
	EndGlobalSection
EndGlobal
