
Microsoft Visual Studio Solution File, Format Version 12.00
# Visual Studio 15
VisualStudioVersion = 15.0.28010.2003
MinimumVisualStudioVersion = 10.0.40219.1
Project("{2150E333-8FDC-42A3-9474-1A3956D46DE8}") = "2 - Infra.Data", "2 - Infra.Data", "{A7612F19-3A60-4DC2-95F6-BB22D6C6B1DA}"
EndProject
Project("{2150E333-8FDC-42A3-9474-1A3956D46DE8}") = "3 - Servico", "3 - Servico", "{36639A82-DB13-4194-9BB6-49605DFA4891}"
EndProject
Project("{9A19103F-16F7-4668-BE54-9A1E7A4F7556}") = "Senai.CodeTur.Dominio", "Senai.CodeTur.Dominio\Senai.CodeTur.Dominio.csproj", "{7992D391-13DB-407F-BD34-074CB5DF293B}"
EndProject
Project("{9A19103F-16F7-4668-BE54-9A1E7A4F7556}") = "Senai.CodeTur.Infra.Data", "Senai.CodeTur.Infra.Data\Senai.CodeTur.Infra.Data.csproj", "{794EAC16-3E59-41D3-BA44-BF1426CE66C5}"
EndProject
Project("{9A19103F-16F7-4668-BE54-9A1E7A4F7556}") = "Senai.CodeTur.Servico", "Senai.CodeTur.Servico\Senai.CodeTur.Servico.csproj", "{8B8EB5E2-1D94-405E-A437-CA051B74156D}"
EndProject
Project("{2150E333-8FDC-42A3-9474-1A3956D46DE8}") = "4 - Apresentação", "4 - Apresentação", "{7F75D65B-D24F-4E83-847A-FA80E2B5332B}"
EndProject
Project("{2150E333-8FDC-42A3-9474-1A3956D46DE8}") = "5 - Teste", "5 - Teste", "{2B2B02D6-BCF3-47ED-B18F-DA3F14F2F5D0}"
EndProject
Project("{9A19103F-16F7-4668-BE54-9A1E7A4F7556}") = "Senai.CodeTur.Apresentaçao", "Senai.CodeTur.Apresentaçao\Senai.CodeTur.Apresentaçao.csproj", "{8B12CC74-3AE0-4D5E-A782-08A2F39576E6}"
EndProject
Project("{9A19103F-16F7-4668-BE54-9A1E7A4F7556}") = "Senai.CodeTur.Teste.XUnit", "Senai.CodeTur.Teste\Senai.CodeTur.Teste.XUnit.csproj", "{1072A14E-F65C-4030-8B43-671276674349}"
EndProject
Project("{2150E333-8FDC-42A3-9474-1A3956D46DE8}") = "1 - Dominio", "1 - Dominio", "{7E9D7854-32FB-42C0-A548-6B3DB01A222F}"
EndProject
Global
	GlobalSection(SolutionConfigurationPlatforms) = preSolution
		Debug|Any CPU = Debug|Any CPU
		Release|Any CPU = Release|Any CPU
	EndGlobalSection
	GlobalSection(ProjectConfigurationPlatforms) = postSolution
		{7992D391-13DB-407F-BD34-074CB5DF293B}.Debug|Any CPU.ActiveCfg = Debug|Any CPU
		{7992D391-13DB-407F-BD34-074CB5DF293B}.Debug|Any CPU.Build.0 = Debug|Any CPU
		{7992D391-13DB-407F-BD34-074CB5DF293B}.Release|Any CPU.ActiveCfg = Release|Any CPU
		{7992D391-13DB-407F-BD34-074CB5DF293B}.Release|Any CPU.Build.0 = Release|Any CPU
		{794EAC16-3E59-41D3-BA44-BF1426CE66C5}.Debug|Any CPU.ActiveCfg = Debug|Any CPU
		{794EAC16-3E59-41D3-BA44-BF1426CE66C5}.Debug|Any CPU.Build.0 = Debug|Any CPU
		{794EAC16-3E59-41D3-BA44-BF1426CE66C5}.Release|Any CPU.ActiveCfg = Release|Any CPU
		{794EAC16-3E59-41D3-BA44-BF1426CE66C5}.Release|Any CPU.Build.0 = Release|Any CPU
		{8B8EB5E2-1D94-405E-A437-CA051B74156D}.Debug|Any CPU.ActiveCfg = Debug|Any CPU
		{8B8EB5E2-1D94-405E-A437-CA051B74156D}.Debug|Any CPU.Build.0 = Debug|Any CPU
		{8B8EB5E2-1D94-405E-A437-CA051B74156D}.Release|Any CPU.ActiveCfg = Release|Any CPU
		{8B8EB5E2-1D94-405E-A437-CA051B74156D}.Release|Any CPU.Build.0 = Release|Any CPU
		{8B12CC74-3AE0-4D5E-A782-08A2F39576E6}.Debug|Any CPU.ActiveCfg = Debug|Any CPU
		{8B12CC74-3AE0-4D5E-A782-08A2F39576E6}.Debug|Any CPU.Build.0 = Debug|Any CPU
		{8B12CC74-3AE0-4D5E-A782-08A2F39576E6}.Release|Any CPU.ActiveCfg = Release|Any CPU
		{8B12CC74-3AE0-4D5E-A782-08A2F39576E6}.Release|Any CPU.Build.0 = Release|Any CPU
		{1072A14E-F65C-4030-8B43-671276674349}.Debug|Any CPU.ActiveCfg = Debug|Any CPU
		{1072A14E-F65C-4030-8B43-671276674349}.Debug|Any CPU.Build.0 = Debug|Any CPU
		{1072A14E-F65C-4030-8B43-671276674349}.Release|Any CPU.ActiveCfg = Release|Any CPU
		{1072A14E-F65C-4030-8B43-671276674349}.Release|Any CPU.Build.0 = Release|Any CPU
	EndGlobalSection
	GlobalSection(SolutionProperties) = preSolution
		HideSolutionNode = FALSE
	EndGlobalSection
	GlobalSection(NestedProjects) = preSolution
		{7992D391-13DB-407F-BD34-074CB5DF293B} = {7E9D7854-32FB-42C0-A548-6B3DB01A222F}
		{794EAC16-3E59-41D3-BA44-BF1426CE66C5} = {A7612F19-3A60-4DC2-95F6-BB22D6C6B1DA}
		{8B8EB5E2-1D94-405E-A437-CA051B74156D} = {36639A82-DB13-4194-9BB6-49605DFA4891}
		{8B12CC74-3AE0-4D5E-A782-08A2F39576E6} = {7F75D65B-D24F-4E83-847A-FA80E2B5332B}
		{1072A14E-F65C-4030-8B43-671276674349} = {2B2B02D6-BCF3-47ED-B18F-DA3F14F2F5D0}
	EndGlobalSection
	GlobalSection(ExtensibilityGlobals) = postSolution
		SolutionGuid = {FF8609B9-ED5D-4935-9EE8-CAC32F097195}
	EndGlobalSection
EndGlobal
